
Microsoft Visual Studio Solution File, Format Version 12.00
# Visual Studio Version 17
VisualStudioVersion = 17.14.36301.6 d17.14
MinimumVisualStudioVersion = 10.0.40219.1
Project("{FAE04EC0-301F-11D3-BF4B-00C04F79EFBC}") = "MSFSSHTTP", "MSFSSHTTP.csproj", "{D4BB6F94-0856-9E24-E8A5-1A3FF6C0B376}"
EndProject
Global
	GlobalSection(SolutionConfigurationPlatforms) = preSolution
		Debug|Any CPU = Debug|Any CPU
		Release|Any CPU = Release|Any CPU
	EndGlobalSection
	GlobalSection(ProjectConfigurationPlatforms) = postSolution
		{D4BB6F94-0856-9E24-E8A5-1A3FF6C0B376}.Debug|Any CPU.ActiveCfg = Debug|Any CPU
		{D4BB6F94-0856-9E24-E8A5-1A3FF6C0B376}.Debug|Any CPU.Build.0 = Debug|Any CPU
		{D4BB6F94-0856-9E24-E8A5-1A3FF6C0B376}.Release|Any CPU.ActiveCfg = Release|Any CPU
		{D4BB6F94-0856-9E24-E8A5-1A3FF6C0B376}.Release|Any CPU.Build.0 = Release|Any CPU
	EndGlobalSection
	GlobalSection(SolutionProperties) = preSolution
		HideSolutionNode = FALSE
	EndGlobalSection
	GlobalSection(ExtensibilityGlobals) = postSolution
		SolutionGuid = {E5F44BCE-85E3-48B4-8C37-F9802196A05F}
	EndGlobalSection
EndGlobal
